
Microsoft Visual Studio Solution File, Format Version 12.00
# Visual Studio Version 16
VisualStudioVersion = 16.0.31005.135
MinimumVisualStudioVersion = 15.0.26124.0
Project("{2150E333-8FDC-42A3-9474-1A3956D46DE8}") = "src", "src", "{59E54696-3EAF-4A48-9940-EC9C057BC4CB}"
EndProject
Project("{2150E333-8FDC-42A3-9474-1A3956D46DE8}") = "APIS", "APIS", "{F543F4A8-4546-4307-A016-D81D4EE2E39B}"
EndProject
Project("{9A19103F-16F7-4668-BE54-9A1E7A4F7556}") = "BotFacebook.API", "Src\APIS\BotFacebook.API\BotFacebook.API.csproj", "{41EF8DE8-F66A-438D-8AB7-FAE65D44C0BA}"
EndProject
Project("{E53339B2-1760-4266-BCC7-CA923CBCF16C}") = "docker-compose", "docker-compose.dcproj", "{B3E51CC4-A5FB-4FD9-9F1D-178E87E519FF}"
EndProject
Global
	GlobalSection(SolutionConfigurationPlatforms) = preSolution
		Debug|Any CPU = Debug|Any CPU
		Debug|x64 = Debug|x64
		Debug|x86 = Debug|x86
		Release|Any CPU = Release|Any CPU
		Release|x64 = Release|x64
		Release|x86 = Release|x86
	EndGlobalSection
	GlobalSection(ProjectConfigurationPlatforms) = postSolution
		{41EF8DE8-F66A-438D-8AB7-FAE65D44C0BA}.Debug|Any CPU.ActiveCfg = Debug|Any CPU
		{41EF8DE8-F66A-438D-8AB7-FAE65D44C0BA}.Debug|Any CPU.Build.0 = Debug|Any CPU
		{41EF8DE8-F66A-438D-8AB7-FAE65D44C0BA}.Debug|x64.ActiveCfg = Debug|Any CPU
		{41EF8DE8-F66A-438D-8AB7-FAE65D44C0BA}.Debug|x64.Build.0 = Debug|Any CPU
		{41EF8DE8-F66A-438D-8AB7-FAE65D44C0BA}.Debug|x86.ActiveCfg = Debug|Any CPU
		{41EF8DE8-F66A-438D-8AB7-FAE65D44C0BA}.Debug|x86.Build.0 = Debug|Any CPU
		{41EF8DE8-F66A-438D-8AB7-FAE65D44C0BA}.Release|Any CPU.ActiveCfg = Release|Any CPU
		{41EF8DE8-F66A-438D-8AB7-FAE65D44C0BA}.Release|Any CPU.Build.0 = Release|Any CPU
		{41EF8DE8-F66A-438D-8AB7-FAE65D44C0BA}.Release|x64.ActiveCfg = Release|Any CPU
		{41EF8DE8-F66A-438D-8AB7-FAE65D44C0BA}.Release|x64.Build.0 = Release|Any CPU
		{41EF8DE8-F66A-438D-8AB7-FAE65D44C0BA}.Release|x86.ActiveCfg = Release|Any CPU
		{41EF8DE8-F66A-438D-8AB7-FAE65D44C0BA}.Release|x86.Build.0 = Release|Any CPU
		{B3E51CC4-A5FB-4FD9-9F1D-178E87E519FF}.Debug|Any CPU.ActiveCfg = Debug|Any CPU
		{B3E51CC4-A5FB-4FD9-9F1D-178E87E519FF}.Debug|Any CPU.Build.0 = Debug|Any CPU
		{B3E51CC4-A5FB-4FD9-9F1D-178E87E519FF}.Debug|x64.ActiveCfg = Debug|Any CPU
		{B3E51CC4-A5FB-4FD9-9F1D-178E87E519FF}.Debug|x64.Build.0 = Debug|Any CPU
		{B3E51CC4-A5FB-4FD9-9F1D-178E87E519FF}.Debug|x86.ActiveCfg = Debug|Any CPU
		{B3E51CC4-A5FB-4FD9-9F1D-178E87E519FF}.Debug|x86.Build.0 = Debug|Any CPU
		{B3E51CC4-A5FB-4FD9-9F1D-178E87E519FF}.Release|Any CPU.ActiveCfg = Release|Any CPU
		{B3E51CC4-A5FB-4FD9-9F1D-178E87E519FF}.Release|Any CPU.Build.0 = Release|Any CPU
		{B3E51CC4-A5FB-4FD9-9F1D-178E87E519FF}.Release|x64.ActiveCfg = Release|Any CPU
		{B3E51CC4-A5FB-4FD9-9F1D-178E87E519FF}.Release|x64.Build.0 = Release|Any CPU
		{B3E51CC4-A5FB-4FD9-9F1D-178E87E519FF}.Release|x86.ActiveCfg = Release|Any CPU
		{B3E51CC4-A5FB-4FD9-9F1D-178E87E519FF}.Release|x86.Build.0 = Release|Any CPU
	EndGlobalSection
	GlobalSection(SolutionProperties) = preSolution
		HideSolutionNode = FALSE
	EndGlobalSection
	GlobalSection(NestedProjects) = preSolution
		{F543F4A8-4546-4307-A016-D81D4EE2E39B} = {59E54696-3EAF-4A48-9940-EC9C057BC4CB}
		{41EF8DE8-F66A-438D-8AB7-FAE65D44C0BA} = {F543F4A8-4546-4307-A016-D81D4EE2E39B}
	EndGlobalSection
	GlobalSection(ExtensibilityGlobals) = postSolution
		SolutionGuid = {93FCF59F-EA55-427B-B4D6-98A91618B013}
	EndGlobalSection
EndGlobal
